
Microsoft Visual Studio Solution File, Format Version 12.00
# Visual Studio Version 16
VisualStudioVersion = 16.0.29519.87
MinimumVisualStudioVersion = 10.0.40219.1
Project("{FAE04EC0-301F-11D3-BF4B-00C04F79EFBC}") = "sms-sender", "sms-sender.csproj", "{9DB092D6-7639-4AA6-8D7A-EC5413CBD9E2}"
EndProject
Global
	GlobalSection(SolutionConfigurationPlatforms) = preSolution
		Debug|Any CPU = Debug|Any CPU
		Release|Any CPU = Release|Any CPU
	EndGlobalSection
	GlobalSection(ProjectConfigurationPlatforms) = postSolution
		{9DB092D6-7639-4AA6-8D7A-EC5413CBD9E2}.Debug|Any CPU.ActiveCfg = Debug|Any CPU
		{9DB092D6-7639-4AA6-8D7A-EC5413CBD9E2}.Debug|Any CPU.Build.0 = Debug|Any CPU
		{9DB092D6-7639-4AA6-8D7A-EC5413CBD9E2}.Release|Any CPU.ActiveCfg = Release|Any CPU
		{9DB092D6-7639-4AA6-8D7A-EC5413CBD9E2}.Release|Any CPU.Build.0 = Release|Any CPU
	EndGlobalSection
	GlobalSection(SolutionProperties) = preSolution
		HideSolutionNode = FALSE
	EndGlobalSection
	GlobalSection(ExtensibilityGlobals) = postSolution
		SolutionGuid = {5FC7227A-F85F-499A-A032-373679F2E745}
	EndGlobalSection
EndGlobal
